
Microsoft Visual Studio Solution File, Format Version 12.00
# Visual Studio Version 16
VisualStudioVersion = 16.0.32602.291
MinimumVisualStudioVersion = 10.0.40219.1
Project("{FAE04EC0-301F-11D3-BF4B-00C04F79EFBC}") = "Chess over local network", "Chess over local network\Chess over local network.csproj", "{9E612AF4-41D3-4701-8B50-0B576E0A735B}"
EndProject
Global
	GlobalSection(SolutionConfigurationPlatforms) = preSolution
		Debug|Any CPU = Debug|Any CPU
		Release|Any CPU = Release|Any CPU
	EndGlobalSection
	GlobalSection(ProjectConfigurationPlatforms) = postSolution
		{9E612AF4-41D3-4701-8B50-0B576E0A735B}.Debug|Any CPU.ActiveCfg = Debug|Any CPU
		{9E612AF4-41D3-4701-8B50-0B576E0A735B}.Debug|Any CPU.Build.0 = Debug|Any CPU
		{9E612AF4-41D3-4701-8B50-0B576E0A735B}.Release|Any CPU.ActiveCfg = Release|Any CPU
		{9E612AF4-41D3-4701-8B50-0B576E0A735B}.Release|Any CPU.Build.0 = Release|Any CPU
	EndGlobalSection
	GlobalSection(SolutionProperties) = preSolution
		HideSolutionNode = FALSE
	EndGlobalSection
	GlobalSection(ExtensibilityGlobals) = postSolution
		SolutionGuid = {F5E56174-78E5-4674-97E8-E636442129A4}
	EndGlobalSection
EndGlobal
